// !$*UTF8*$!
{
	archiveVersion = 1;
	classes = {
	};
	objectVersion = 51;
	objects = {

/* Begin PBXBuildFile section */
		75DA47BF5D8ADC61F7BA1094 /* Pods_DataBaseTest.framework in Frameworks */ = {isa = PBXBuildFile; fileRef = 7AB9D8D0724823040D174468 /* Pods_DataBaseTest.framework */; };
		B1B9FABB2600F4090053CA79 /* CoreDataViewController.swift in Sources */ = {isa = PBXBuildFile; fileRef = B1B9FABA2600F4090053CA79 /* CoreDataViewController.swift */; };
		B1B9FABF2600FC830053CA79 /* CoreData.xcdatamodeld in Sources */ = {isa = PBXBuildFile; fileRef = B1B9FABD2600FC830053CA79 /* CoreData.xcdatamodeld */; };
		B1E0C22125FC03E3009D8F24 /* AppDelegate.swift in Sources */ = {isa = PBXBuildFile; fileRef = B1E0C22025FC03E3009D8F24 /* AppDelegate.swift */; };
		B1E0C22525FC03E3009D8F24 /* ViewController.swift in Sources */ = {isa = PBXBuildFile; fileRef = B1E0C22425FC03E3009D8F24 /* ViewController.swift */; };
		B1E0C22825FC03E3009D8F24 /* Main.storyboard in Resources */ = {isa = PBXBuildFile; fileRef = B1E0C22625FC03E3009D8F24 /* Main.storyboard */; };
		B1E0C22A25FC03E7009D8F24 /* Assets.xcassets in Resources */ = {isa = PBXBuildFile; fileRef = B1E0C22925FC03E7009D8F24 /* Assets.xcassets */; };
		B1E0C22D25FC03E7009D8F24 /* LaunchScreen.storyboard in Resources */ = {isa = PBXBuildFile; fileRef = B1E0C22B25FC03E7009D8F24 /* LaunchScreen.storyboard */; };
		B1E0C24525FC0F30009D8F24 /* User.swift in Sources */ = {isa = PBXBuildFile; fileRef = B1E0C24425FC0F30009D8F24 /* User.swift */; };
		B1E0C24825FC0FE3009D8F24 /* Card.swift in Sources */ = {isa = PBXBuildFile; fileRef = B1E0C24725FC0FE3009D8F24 /* Card.swift */; };
/* End PBXBuildFile section */

/* Begin PBXFileReference section */
		269F211E965462F0EDE3681E /* Pods-DataBaseTest.release.xcconfig */ = {isa = PBXFileReference; includeInIndex = 1; lastKnownFileType = text.xcconfig; name = "Pods-DataBaseTest.release.xcconfig"; path = "Target Support Files/Pods-DataBaseTest/Pods-DataBaseTest.release.xcconfig"; sourceTree = "<group>"; };
		6481DB3C03E62AADCB1D2DF8 /* Pods-DataBaseTest.debug.xcconfig */ = {isa = PBXFileReference; includeInIndex = 1; lastKnownFileType = text.xcconfig; name = "Pods-DataBaseTest.debug.xcconfig"; path = "Target Support Files/Pods-DataBaseTest/Pods-DataBaseTest.debug.xcconfig"; sourceTree = "<group>"; };
		7AB9D8D0724823040D174468 /* Pods_DataBaseTest.framework */ = {isa = PBXFileReference; explicitFileType = wrapper.framework; includeInIndex = 0; path = Pods_DataBaseTest.framework; sourceTree = BUILT_PRODUCTS_DIR; };
		B1B9FABA2600F4090053CA79 /* CoreDataViewController.swift */ = {isa = PBXFileReference; lastKnownFileType = sourcecode.swift; path = CoreDataViewController.swift; sourceTree = "<group>"; };
		B1B9FABE2600FC830053CA79 /* CoreData.xcdatamodel */ = {isa = PBXFileReference; lastKnownFileType = wrapper.xcdatamodel; path = CoreData.xcdatamodel; sourceTree = "<group>"; };
		B1E0C21D25FC03E3009D8F24 /* DataBaseTest.app */ = {isa = PBXFileReference; explicitFileType = wrapper.application; includeInIndex = 0; path = DataBaseTest.app; sourceTree = BUILT_PRODUCTS_DIR; };
		B1E0C22025FC03E3009D8F24 /* AppDelegate.swift */ = {isa = PBXFileReference; lastKnownFileType = sourcecode.swift; path = AppDelegate.swift; sourceTree = "<group>"; };
		B1E0C22425FC03E3009D8F24 /* ViewController.swift */ = {isa = PBXFileReference; lastKnownFileType = sourcecode.swift; path = ViewController.swift; sourceTree = "<group>"; };
		B1E0C22725FC03E3009D8F24 /* Base */ = {isa = PBXFileReference; lastKnownFileType = file.storyboard; name = Base; path = Base.lproj/Main.storyboard; sourceTree = "<group>"; };
		B1E0C22925FC03E7009D8F24 /* Assets.xcassets */ = {isa = PBXFileReference; lastKnownFileType = folder.assetcatalog; path = Assets.xcassets; sourceTree = "<group>"; };
		B1E0C22C25FC03E7009D8F24 /* Base */ = {isa = PBXFileReference; lastKnownFileType = file.storyboard; name = Base; path = Base.lproj/LaunchScreen.storyboard; sourceTree = "<group>"; };
		B1E0C22E25FC03E7009D8F24 /* Info.plist */ = {isa = PBXFileReference; lastKnownFileType = text.plist.xml; path = Info.plist; sourceTree = "<group>"; };
		B1E0C24425FC0F30009D8F24 /* User.swift */ = {isa = PBXFileReference; lastKnownFileType = sourcecode.swift; path = User.swift; sourceTree = "<group>"; };
		B1E0C24725FC0FE3009D8F24 /* Card.swift */ = {isa = PBXFileReference; lastKnownFileType = sourcecode.swift; path = Card.swift; sourceTree = "<group>"; };
/* End PBXFileReference section */

/* Begin PBXFrameworksBuildPhase section */
		B1E0C21A25FC03E3009D8F24 /* Frameworks */ = {
			isa = PBXFrameworksBuildPhase;
			buildActionMask = 2147483647;
			files = (
				75DA47BF5D8ADC61F7BA1094 /* Pods_DataBaseTest.framework in Frameworks */,
			);
			runOnlyForDeploymentPostprocessing = 0;
		};
/* End PBXFrameworksBuildPhase section */

/* Begin PBXGroup section */
		12E13B7D459E638EB1432D1F /* Pods */ = {
			isa = PBXGroup;
			children = (
				6481DB3C03E62AADCB1D2DF8 /* Pods-DataBaseTest.debug.xcconfig */,
				269F211E965462F0EDE3681E /* Pods-DataBaseTest.release.xcconfig */,
			);
			path = Pods;
			sourceTree = "<group>";
		};
		B1B9FAB82600F3CE0053CA79 /* CoreData */ = {
			isa = PBXGroup;
			children = (
				B1B9FABA2600F4090053CA79 /* CoreDataViewController.swift */,
				B1B9FABD2600FC830053CA79 /* CoreData.xcdatamodeld */,
			);
			path = CoreData;
			sourceTree = "<group>";
		};
		B1E0C21425FC03E3009D8F24 = {
			isa = PBXGroup;
			children = (
				B1E0C21F25FC03E3009D8F24 /* DataBaseTest */,
				B1E0C21E25FC03E3009D8F24 /* Products */,
				12E13B7D459E638EB1432D1F /* Pods */,
				E258761ED65616940CA29F9A /* Frameworks */,
			);
			sourceTree = "<group>";
		};
		B1E0C21E25FC03E3009D8F24 /* Products */ = {
			isa = PBXGroup;
			children = (
				B1E0C21D25FC03E3009D8F24 /* DataBaseTest.app */,
			);
			name = Products;
			sourceTree = "<group>";
		};
		B1E0C21F25FC03E3009D8F24 /* DataBaseTest */ = {
			isa = PBXGroup;
			children = (
				B1B9FAB82600F3CE0053CA79 /* CoreData */,
				B1E0C24225FC0F07009D8F24 /* Realm */,
				B1E0C22025FC03E3009D8F24 /* AppDelegate.swift */,
				B1E0C22425FC03E3009D8F24 /* ViewController.swift */,
				B1E0C22625FC03E3009D8F24 /* Main.storyboard */,
				B1E0C22925FC03E7009D8F24 /* Assets.xcassets */,
				B1E0C22B25FC03E7009D8F24 /* LaunchScreen.storyboard */,
				B1E0C22E25FC03E7009D8F24 /* Info.plist */,
			);
			path = DataBaseTest;
			sourceTree = "<group>";
		};
		B1E0C24225FC0F07009D8F24 /* Realm */ = {
			isa = PBXGroup;
			children = (
				B1E0C24425FC0F30009D8F24 /* User.swift */,
				B1E0C24725FC0FE3009D8F24 /* Card.swift */,
			);
			path = Realm;
			sourceTree = "<group>";
		};
		E258761ED65616940CA29F9A /* Frameworks */ = {
			isa = PBXGroup;
			children = (
				7AB9D8D0724823040D174468 /* Pods_DataBaseTest.framework */,
			);
			name = Frameworks;
			sourceTree = "<group>";
		};
/* End PBXGroup section */

/* Begin PBXNativeTarget section */
		B1E0C21C25FC03E3009D8F24 /* DataBaseTest */ = {
			isa = PBXNativeTarget;
			buildConfigurationList = B1E0C23125FC03E7009D8F24 /* Build configuration list for PBXNativeTarget "DataBaseTest" */;
			buildPhases = (
				676DFAB359C8093D14DE0CE1 /* [CP] Check Pods Manifest.lock */,
				B1E0C21925FC03E3009D8F24 /* Sources */,
				B1E0C21A25FC03E3009D8F24 /* Frameworks */,
				B1E0C21B25FC03E3009D8F24 /* Resources */,
				CC04A98881E8DDCBEB486B56 /* [CP] Embed Pods Frameworks */,
			);
			buildRules = (
			);
			dependencies = (
			);
			name = DataBaseTest;
			productName = DataBaseTest;
			productReference = B1E0C21D25FC03E3009D8F24 /* DataBaseTest.app */;
			productType = "com.apple.product-type.application";
		};
/* End PBXNativeTarget section */

/* Begin PBXProject section */
		B1E0C21525FC03E3009D8F24 /* Project object */ = {
			isa = PBXProject;
			attributes = {
				LastSwiftUpdateCheck = 1240;
				LastUpgradeCheck = 1240;
				TargetAttributes = {
					B1E0C21C25FC03E3009D8F24 = {
						CreatedOnToolsVersion = 12.4;
					};
				};
			};
			buildConfigurationList = B1E0C21825FC03E3009D8F24 /* Build configuration list for PBXProject "DataBaseTest" */;
			compatibilityVersion = "Xcode 9.3";
			developmentRegion = en;
			hasScannedForEncodings = 0;
			knownRegions = (
				en,
				Base,
			);
			mainGroup = B1E0C21425FC03E3009D8F24;
			productRefGroup = B1E0C21E25FC03E3009D8F24 /* Products */;
			projectDirPath = "";
			projectRoot = "";
			targets = (
				B1E0C21C25FC03E3009D8F24 /* DataBaseTest */,
			);
		};
/* End PBXProject section */

/* Begin PBXResourcesBuildPhase section */
		B1E0C21B25FC03E3009D8F24 /* Resources */ = {
			isa = PBXResourcesBuildPhase;
			buildActionMask = 2147483647;
			files = (
				B1E0C22D25FC03E7009D8F24 /* LaunchScreen.storyboard in Resources */,
				B1E0C22A25FC03E7009D8F24 /* Assets.xcassets in Resources */,
				B1E0C22825FC03E3009D8F24 /* Main.storyboard in Resources */,
			);
			runOnlyForDeploymentPostprocessing = 0;
		};
/* End PBXResourcesBuildPhase section */

/* Begin PBXShellScriptBuildPhase section */
		676DFAB359C8093D14DE0CE1 /* [CP] Check Pods Manifest.lock */ = {
			isa = PBXShellScriptBuildPhase;
			buildActionMask = 2147483647;
			files = (
			);
			inputFileListPaths = (
			);
			inputPaths = (
				"${PODS_PODFILE_DIR_PATH}/Podfile.lock",
				"${PODS_ROOT}/Manifest.lock",
			);
			name = "[CP] Check Pods Manifest.lock";
			outputFileListPaths = (
			);
			outputPaths = (
				"$(DERIVED_FILE_DIR)/Pods-DataBaseTest-checkManifestLockResult.txt",
			);
			runOnlyForDeploymentPostprocessing = 0;
			shellPath = /bin/sh;
			shellScript = "diff \"${PODS_PODFILE_DIR_PATH}/Podfile.lock\" \"${PODS_ROOT}/Manifest.lock\" > /dev/null\nif [ $? != 0 ] ; then\n    # print error to STDERR\n    echo \"error: The sandbox is not in sync with the Podfile.lock. Run 'pod install' or update your CocoaPods installation.\" >&2\n    exit 1\nfi\n# This output is used by Xcode 'outputs' to avoid re-running this script phase.\necho \"SUCCESS\" > \"${SCRIPT_OUTPUT_FILE_0}\"\n";
			showEnvVarsInLog = 0;
		};
		CC04A98881E8DDCBEB486B56 /* [CP] Embed Pods Frameworks */ = {
			isa = PBXShellScriptBuildPhase;
			buildActionMask = 2147483647;
			files = (
			);
			inputFileListPaths = (
				"${PODS_ROOT}/Target Support Files/Pods-DataBaseTest/Pods-DataBaseTest-frameworks-${CONFIGURATION}-input-files.xcfilelist",
			);
			name = "[CP] Embed Pods Frameworks";
			outputFileListPaths = (
				"${PODS_ROOT}/Target Support Files/Pods-DataBaseTest/Pods-DataBaseTest-frameworks-${CONFIGURATION}-output-files.xcfilelist",
			);
			runOnlyForDeploymentPostprocessing = 0;
			shellPath = /bin/sh;
			shellScript = "\"${PODS_ROOT}/Target Support Files/Pods-DataBaseTest/Pods-DataBaseTest-frameworks.sh\"\n";
			showEnvVarsInLog = 0;
		};
/* End PBXShellScriptBuildPhase section */

/* Begin PBXSourcesBuildPhase section */
		B1E0C21925FC03E3009D8F24 /* Sources */ = {
			isa = PBXSourcesBuildPhase;
			buildActionMask = 2147483647;
			files = (
				B1E0C22525FC03E3009D8F24 /* ViewController.swift in Sources */,
				B1E0C22125FC03E3009D8F24 /* AppDelegate.swift in Sources */,
				B1B9FABF2600FC830053CA79 /* CoreData.xcdatamodeld in Sources */,
				B1E0C24525FC0F30009D8F24 /* User.swift in Sources */,
				B1B9FABB2600F4090053CA79 /* CoreDataViewController.swift in Sources */,
				B1E0C24825FC0FE3009D8F24 /* Card.swift in Sources */,
			);
			runOnlyForDeploymentPostprocessing = 0;
		};
/* End PBXSourcesBuildPhase section */

/* Begin PBXVariantGroup section */
		B1E0C22625FC03E3009D8F24 /* Main.storyboard */ = {
			isa = PBXVariantGroup;
			children = (
				B1E0C22725FC03E3009D8F24 /* Base */,
			);
			name = Main.storyboard;
			sourceTree = "<group>";
		};
		B1E0C22B25FC03E7009D8F24 /* LaunchScreen.storyboard */ = {
			isa = PBXVariantGroup;
			children = (
				B1E0C22C25FC03E7009D8F24 /* Base */,
			);
			name = LaunchScreen.storyboard;
			sourceTree = "<group>";
		};
/* End PBXVariantGroup section */

/* Begin XCBuildConfiguration section */
		B1E0C22F25FC03E7009D8F24 /* Debug */ = {
			isa = XCBuildConfiguration;
			buildSettings = {
				ALWAYS_SEARCH_USER_PATHS = NO;
				CLANG_ANALYZER_NONNULL = YES;
				CLANG_ANALYZER_NUMBER_OBJECT_CONVERSION = YES_AGGRESSIVE;
				CLANG_CXX_LANGUAGE_STANDARD = "gnu++14";
				CLANG_CXX_LIBRARY = "libc++";
				CLANG_ENABLE_MODULES = YES;
				CLANG_ENABLE_OBJC_ARC = YES;
				CLANG_ENABLE_OBJC_WEAK = YES;
				CLANG_WARN_BLOCK_CAPTURE_AUTORELEASING = YES;
				CLANG_WARN_BOOL_CONVERSION = YES;
				CLANG_WARN_COMMA = YES;
				CLANG_WARN_CONSTANT_CONVERSION = YES;
				CLANG_WARN_DEPRECATED_OBJC_IMPLEMENTATIONS = YES;
				CLANG_WARN_DIRECT_OBJC_ISA_USAGE = YES_ERROR;
				CLANG_WARN_DOCUMENTATION_COMMENTS = YES;
				CLANG_WARN_EMPTY_BODY = YES;
				CLANG_WARN_ENUM_CONVERSION = YES;
				CLANG_WARN_INFINITE_RECURSION = YES;
				CLANG_WARN_INT_CONVERSION = YES;
				CLANG_WARN_NON_LITERAL_NULL_CONVERSION = YES;
				CLANG_WARN_OBJC_IMPLICIT_RETAIN_SELF = YES;
				CLANG_WARN_OBJC_LITERAL_CONVERSION = YES;
				CLANG_WARN_OBJC_ROOT_CLASS = YES_ERROR;
				CLANG_WARN_QUOTED_INCLUDE_IN_FRAMEWORK_HEADER = YES;
				CLANG_WARN_RANGE_LOOP_ANALYSIS = YES;
				CLANG_WARN_STRICT_PROTOTYPES = YES;
				CLANG_WARN_SUSPICIOUS_MOVE = YES;
				CLANG_WARN_UNGUARDED_AVAILABILITY = YES_AGGRESSIVE;
				CLANG_WARN_UNREACHABLE_CODE = YES;
				CLANG_WARN__DUPLICATE_METHOD_MATCH = YES;
				COPY_PHASE_STRIP = NO;
				DEBUG_INFORMATION_FORMAT = dwarf;
				ENABLE_STRICT_OBJC_MSGSEND = YES;
				ENABLE_TESTABILITY = YES;
				GCC_C_LANGUAGE_STANDARD = gnu11;
				GCC_DYNAMIC_NO_PIC = NO;
				GCC_NO_COMMON_BLOCKS = YES;
				GCC_OPTIMIZATION_LEVEL = 0;
				GCC_PREPROCESSOR_DEFINITIONS = (
					"DEBUG=1",
					"$(inherited)",
				);
				GCC_WARN_64_TO_32_BIT_CONVERSION = YES;
				GCC_WARN_ABOUT_RETURN_TYPE = YES_ERROR;
				GCC_WARN_UNDECLARED_SELECTOR = YES;
				GCC_WARN_UNINITIALIZED_AUTOS = YES_AGGRESSIVE;
				GCC_WARN_UNUSED_FUNCTION = YES;
				GCC_WARN_UNUSED_VARIABLE = YES;
				IPHONEOS_DEPLOYMENT_TARGET = 14.4;
				MTL_ENABLE_DEBUG_INFO = INCLUDE_SOURCE;
				MTL_FAST_MATH = YES;
				ONLY_ACTIVE_ARCH = YES;
				SDKROOT = iphoneos;
				SWIFT_ACTIVE_COMPILATION_CONDITIONS = DEBUG;
				SWIFT_OPTIMIZATION_LEVEL = "-Onone";
			};
			name = Debug;
		};
		B1E0C23025FC03E7009D8F24 /* Release */ = {
			isa = XCBuildConfiguration;
			buildSettings = {
				ALWAYS_SEARCH_USER_PATHS = NO;
				CLANG_ANALYZER_NONNULL = YES;
				CLANG_ANALYZER_NUMBER_OBJECT_CONVERSION = YES_AGGRESSIVE;
				CLANG_CXX_LANGUAGE_STANDARD = "gnu++14";
				CLANG_CXX_LIBRARY = "libc++";
				CLANG_ENABLE_MODULES = YES;
				CLANG_ENABLE_OBJC_ARC = YES;
				CLANG_ENABLE_OBJC_WEAK = YES;
				CLANG_WARN_BLOCK_CAPTURE_AUTORELEASING = YES;
				CLANG_WARN_BOOL_CONVERSION = YES;
				CLANG_WARN_COMMA = YES;
				CLANG_WARN_CONSTANT_CONVERSION = YES;
				CLANG_WARN_DEPRECATED_OBJC_IMPLEMENTATIONS = YES;
				CLANG_WARN_DIRECT_OBJC_ISA_USAGE = YES_ERROR;
				CLANG_WARN_DOCUMENTATION_COMMENTS = YES;
				CLANG_WARN_EMPTY_BODY = YES;
				CLANG_WARN_ENUM_CONVERSION = YES;
				CLANG_WARN_INFINITE_RECURSION = YES;
				CLANG_WARN_INT_CONVERSION = YES;
				CLANG_WARN_NON_LITERAL_NULL_CONVERSION = YES;
				CLANG_WARN_OBJC_IMPLICIT_RETAIN_SELF = YES;
				CLANG_WARN_OBJC_LITERAL_CONVERSION = YES;
				CLANG_WARN_OBJC_ROOT_CLASS = YES_ERROR;
				CLANG_WARN_QUOTED_INCLUDE_IN_FRAMEWORK_HEADER = YES;
				CLANG_WARN_RANGE_LOOP_ANALYSIS = YES;
				CLANG_WARN_STRICT_PROTOTYPES = YES;
				CLANG_WARN_SUSPICIOUS_MOVE = YES;
				CLANG_WARN_UNGUARDED_AVAILABILITY = YES_AGGRESSIVE;
				CLANG_WARN_UNREACHABLE_CODE = YES;
				CLANG_WARN__DUPLICATE_METHOD_MATCH = YES;
				COPY_PHASE_STRIP = NO;
				DEBUG_INFORMATION_FORMAT = "dwarf-with-dsym";
				ENABLE_NS_ASSERTIONS = NO;
				ENABLE_STRICT_OBJC_MSGSEND = YES;
				GCC_C_LANGUAGE_STANDARD = gnu11;
				GCC_NO_COMMON_BLOCKS = YES;
				GCC_WARN_64_TO_32_BIT_CONVERSION = YES;
				GCC_WARN_ABOUT_RETURN_TYPE = YES_ERROR;
				GCC_WARN_UNDECLARED_SELECTOR = YES;
				GCC_WARN_UNINITIALIZED_AUTOS = YES_AGGRESSIVE;
				GCC_WARN_UNUSED_FUNCTION = YES;
				GCC_WARN_UNUSED_VARIABLE = YES;
				IPHONEOS_DEPLOYMENT_TARGET = 14.4;
				MTL_ENABLE_DEBUG_INFO = NO;
				MTL_FAST_MATH = YES;
				SDKROOT = iphoneos;
				SWIFT_COMPILATION_MODE = wholemodule;
				SWIFT_OPTIMIZATION_LEVEL = "-O";
				VALIDATE_PRODUCT = YES;
			};
			name = Release;
		};
		B1E0C23225FC03E7009D8F24 /* Debug */ = {
			isa = XCBuildConfiguration;
			baseConfigurationReference = 6481DB3C03E62AADCB1D2DF8 /* Pods-DataBaseTest.debug.xcconfig */;
			buildSettings = {
				ASSETCATALOG_COMPILER_APPICON_NAME = AppIcon;
				ASSETCATALOG_COMPILER_GLOBAL_ACCENT_COLOR_NAME = AccentColor;
				CODE_SIGN_STYLE = Automatic;
				DEVELOPMENT_TEAM = NUXL9Y7H5M;
				INFOPLIST_FILE = DataBaseTest/Info.plist;
				IPHONEOS_DEPLOYMENT_TARGET = 12.0;
				LD_RUNPATH_SEARCH_PATHS = (
					"$(inherited)",
					"@executable_path/Frameworks",
				);
				PRODUCT_BUNDLE_IDENTIFIER = com.dev.yovany.DataBaseTest;
				PRODUCT_NAME = "$(TARGET_NAME)";
				SWIFT_VERSION = 5.0;
				TARGETED_DEVICE_FAMILY = 1;
			};
			name = Debug;
		};
		B1E0C23325FC03E7009D8F24 /* Release */ = {
			isa = XCBuildConfiguration;
			baseConfigurationReference = 269F211E965462F0EDE3681E /* Pods-DataBaseTest.release.xcconfig */;
			buildSettings = {
				ASSETCATALOG_COMPILER_APPICON_NAME = AppIcon;
				ASSETCATALOG_COMPILER_GLOBAL_ACCENT_COLOR_NAME = AccentColor;
				CODE_SIGN_STYLE = Automatic;
				DEVELOPMENT_TEAM = NUXL9Y7H5M;
				INFOPLIST_FILE = DataBaseTest/Info.plist;
				IPHONEOS_DEPLOYMENT_TARGET = 12.0;
				LD_RUNPATH_SEARCH_PATHS = (
					"$(inherited)",
					"@executable_path/Frameworks",
				);
				PRODUCT_BUNDLE_IDENTIFIER = com.dev.yovany.DataBaseTest;
				PRODUCT_NAME = "$(TARGET_NAME)";
				SWIFT_VERSION = 5.0;
				TARGETED_DEVICE_FAMILY = 1;
			};
			name = Release;
		};
/* End XCBuildConfiguration section */

/* Begin XCConfigurationList section */
		B1E0C21825FC03E3009D8F24 /* Build configuration list for PBXProject "DataBaseTest" */ = {
			isa = XCConfigurationList;
			buildConfigurations = (
				B1E0C22F25FC03E7009D8F24 /* Debug */,
				B1E0C23025FC03E7009D8F24 /* Release */,
			);
			defaultConfigurationIsVisible = 0;
			defaultConfigurationName = Release;
		};
		B1E0C23125FC03E7009D8F24 /* Build configuration list for PBXNativeTarget "DataBaseTest" */ = {
			isa = XCConfigurationList;
			buildConfigurations = (
				B1E0C23225FC03E7009D8F24 /* Debug */,
				B1E0C23325FC03E7009D8F24 /* Release */,
			);
			defaultConfigurationIsVisible = 0;
			defaultConfigurationName = Release;
		};
/* End XCConfigurationList section */

/* Begin XCVersionGroup section */
		B1B9FABD2600FC830053CA79 /* CoreData.xcdatamodeld */ = {
			isa = XCVersionGroup;
			children = (
				B1B9FABE2600FC830053CA79 /* CoreData.xcdatamodel */,
			);
			currentVersion = B1B9FABE2600FC830053CA79 /* CoreData.xcdatamodel */;
			path = CoreData.xcdatamodeld;
			sourceTree = "<group>";
			versionGroupType = wrapper.xcdatamodel;
		};
/* End XCVersionGroup section */
	};
	rootObject = B1E0C21525FC03E3009D8F24 /* Project object */;
}
